
Microsoft Visual Studio Solution File, Format Version 12.00
# Visual Studio 15
VisualStudioVersion = 15.0.27428.2037
MinimumVisualStudioVersion = 10.0.40219.1
Project("{FAE04EC0-301F-11D3-BF4B-00C04F79EFBC}") = "Bid War Tracker", "Bid War Tracker\Bid War Tracker.csproj", "{D64A5B34-C970-4C94-8552-768B24F54E69}"
EndProject
Global
	GlobalSection(SolutionConfigurationPlatforms) = preSolution
		Debug|Any CPU = Debug|Any CPU
		Release|Any CPU = Release|Any CPU
	EndGlobalSection
	GlobalSection(ProjectConfigurationPlatforms) = postSolution
		{D64A5B34-C970-4C94-8552-768B24F54E69}.Debug|Any CPU.ActiveCfg = Debug|Any CPU
		{D64A5B34-C970-4C94-8552-768B24F54E69}.Debug|Any CPU.Build.0 = Debug|Any CPU
		{D64A5B34-C970-4C94-8552-768B24F54E69}.Release|Any CPU.ActiveCfg = Release|Any CPU
		{D64A5B34-C970-4C94-8552-768B24F54E69}.Release|Any CPU.Build.0 = Release|Any CPU
	EndGlobalSection
	GlobalSection(SolutionProperties) = preSolution
		HideSolutionNode = FALSE
	EndGlobalSection
	GlobalSection(ExtensibilityGlobals) = postSolution
		SolutionGuid = {76964EB6-E512-4236-97DF-664E4AD57735}
	EndGlobalSection
EndGlobal
